
Microsoft Visual Studio Solution File, Format Version 12.00
Project("{FAE04EC0-301F-11D3-BF4B-00C04F79EFBC}") = "ApiGateway", "ApiGateway\ApiGateway.csproj", "{76ADCA83-7BAF-4A91-9A2F-666719C13727}"
EndProject
Project("{2150E333-8FDC-42A3-9474-1A3956D46DE8}") = "Solution", "Solution", "{263A2AA2-BFD4-4728-A42E-B17D130D97FA}"
	ProjectSection(SolutionItems) = preProject
		.gitignore = .gitignore
		.editorconfig = .editorconfig
		Directory.Build.props = Directory.Build.props
		BannedSymbols.txt = BannedSymbols.txt
		Dockerfile-ApiGateway = Dockerfile-ApiGateway
		nuget.config = nuget.config
		.dockerignore = .dockerignore
	EndProjectSection
EndProject
Global
	GlobalSection(SolutionConfigurationPlatforms) = preSolution
		Debug|Any CPU = Debug|Any CPU
		Release|Any CPU = Release|Any CPU
	EndGlobalSection
	GlobalSection(ProjectConfigurationPlatforms) = postSolution
		{76ADCA83-7BAF-4A91-9A2F-666719C13727}.Debug|Any CPU.ActiveCfg = Debug|Any CPU
		{76ADCA83-7BAF-4A91-9A2F-666719C13727}.Debug|Any CPU.Build.0 = Debug|Any CPU
		{76ADCA83-7BAF-4A91-9A2F-666719C13727}.Release|Any CPU.ActiveCfg = Release|Any CPU
		{76ADCA83-7BAF-4A91-9A2F-666719C13727}.Release|Any CPU.Build.0 = Release|Any CPU
	EndGlobalSection
EndGlobal
